
Microsoft Visual Studio Solution File, Format Version 12.00
# Visual Studio Version 17
VisualStudioVersion = 17.8.34330.188
MinimumVisualStudioVersion = 10.0.40219.1
Project("{FAE04EC0-301F-11D3-BF4B-00C04F79EFBC}") = "DG_SocketAssist6.Global", "DG_SocketAssist6.Global\DG_SocketAssist6.Global.csproj", "{A1721600-0853-4BC2-B406-67C1469D0529}"
EndProject
Project("{FAE04EC0-301F-11D3-BF4B-00C04F79EFBC}") = "DG_SocketAssist6.Server", "DG_SocketAssist6.Server\DG_SocketAssist6.Server.csproj", "{F0B1461D-D76F-4014-8D5E-C13B0069D08E}"
EndProject
Project("{FAE04EC0-301F-11D3-BF4B-00C04F79EFBC}") = "DG_SocketAssist6.Client", "DG_SocketAssist6.Client\DG_SocketAssist6.Client.csproj", "{2E600C8C-DC5D-49E8-9439-F7B5B68BCF68}"
EndProject
Global
	GlobalSection(SolutionConfigurationPlatforms) = preSolution
		Debug|Any CPU = Debug|Any CPU
		Release|Any CPU = Release|Any CPU
	EndGlobalSection
	GlobalSection(ProjectConfigurationPlatforms) = postSolution
		{A1721600-0853-4BC2-B406-67C1469D0529}.Debug|Any CPU.ActiveCfg = Debug|Any CPU
		{A1721600-0853-4BC2-B406-67C1469D0529}.Debug|Any CPU.Build.0 = Debug|Any CPU
		{A1721600-0853-4BC2-B406-67C1469D0529}.Release|Any CPU.ActiveCfg = Release|Any CPU
		{A1721600-0853-4BC2-B406-67C1469D0529}.Release|Any CPU.Build.0 = Release|Any CPU
		{F0B1461D-D76F-4014-8D5E-C13B0069D08E}.Debug|Any CPU.ActiveCfg = Debug|Any CPU
		{F0B1461D-D76F-4014-8D5E-C13B0069D08E}.Debug|Any CPU.Build.0 = Debug|Any CPU
		{F0B1461D-D76F-4014-8D5E-C13B0069D08E}.Release|Any CPU.ActiveCfg = Release|Any CPU
		{F0B1461D-D76F-4014-8D5E-C13B0069D08E}.Release|Any CPU.Build.0 = Release|Any CPU
		{2E600C8C-DC5D-49E8-9439-F7B5B68BCF68}.Debug|Any CPU.ActiveCfg = Debug|Any CPU
		{2E600C8C-DC5D-49E8-9439-F7B5B68BCF68}.Debug|Any CPU.Build.0 = Debug|Any CPU
		{2E600C8C-DC5D-49E8-9439-F7B5B68BCF68}.Release|Any CPU.ActiveCfg = Release|Any CPU
		{2E600C8C-DC5D-49E8-9439-F7B5B68BCF68}.Release|Any CPU.Build.0 = Release|Any CPU
	EndGlobalSection
	GlobalSection(SolutionProperties) = preSolution
		HideSolutionNode = FALSE
	EndGlobalSection
	GlobalSection(ExtensibilityGlobals) = postSolution
		SolutionGuid = {09FC0B3E-5E55-4F3E-B3C2-10DECF8E89DB}
	EndGlobalSection
EndGlobal
