
Microsoft Visual Studio Solution File, Format Version 12.00
# Visual Studio Version 17
VisualStudioVersion = 17.0.32112.339
MinimumVisualStudioVersion = 10.0.40219.1
Project("{9A19103F-16F7-4668-BE54-9A1E7A4F7556}") = "DGSocketAssist1_Client", "DGSocketAssist1_Client\DGSocketAssist1_Client.csproj", "{F6EF3442-6FC2-41EB-B783-1281D2812FFB}"
EndProject
Project("{9A19103F-16F7-4668-BE54-9A1E7A4F7556}") = "DGSocketAssist1_Server", "DGSocketAssist1_Server\DGSocketAssist1_Server.csproj", "{4EFFAD49-6C88-4234-9AC0-C073D9D75716}"
EndProject
Project("{9A19103F-16F7-4668-BE54-9A1E7A4F7556}") = "DGSocketAssist1_Global", "DGSocketAssist1_Global\DGSocketAssist1_Global.csproj", "{977C0A17-D112-4B3C-875F-B3FBCE328F15}"
EndProject
Project("{FAE04EC0-301F-11D3-BF4B-00C04F79EFBC}") = "SocketServerTest", "SocketServerTest\SocketServerTest.csproj", "{1018500D-F852-43B1-BB3C-692EB9B5F9E1}"
EndProject
Project("{FAE04EC0-301F-11D3-BF4B-00C04F79EFBC}") = "SocketClientTest", "SocketClientTest\SocketClientTest.csproj", "{2D5A0A5C-A959-4FD1-8280-3C82CB16EB90}"
EndProject
Project("{9A19103F-16F7-4668-BE54-9A1E7A4F7556}") = "ChatGlobal", "ChatGlobal\ChatGlobal.csproj", "{C9D9C138-9D6D-4009-8AB2-ABB79CCCFC3D}"
EndProject
Global
	GlobalSection(SolutionConfigurationPlatforms) = preSolution
		Debug|Any CPU = Debug|Any CPU
		Release|Any CPU = Release|Any CPU
	EndGlobalSection
	GlobalSection(ProjectConfigurationPlatforms) = postSolution
		{F6EF3442-6FC2-41EB-B783-1281D2812FFB}.Debug|Any CPU.ActiveCfg = Debug|Any CPU
		{F6EF3442-6FC2-41EB-B783-1281D2812FFB}.Debug|Any CPU.Build.0 = Debug|Any CPU
		{F6EF3442-6FC2-41EB-B783-1281D2812FFB}.Release|Any CPU.ActiveCfg = Release|Any CPU
		{F6EF3442-6FC2-41EB-B783-1281D2812FFB}.Release|Any CPU.Build.0 = Release|Any CPU
		{4EFFAD49-6C88-4234-9AC0-C073D9D75716}.Debug|Any CPU.ActiveCfg = Debug|Any CPU
		{4EFFAD49-6C88-4234-9AC0-C073D9D75716}.Debug|Any CPU.Build.0 = Debug|Any CPU
		{4EFFAD49-6C88-4234-9AC0-C073D9D75716}.Release|Any CPU.ActiveCfg = Release|Any CPU
		{4EFFAD49-6C88-4234-9AC0-C073D9D75716}.Release|Any CPU.Build.0 = Release|Any CPU
		{977C0A17-D112-4B3C-875F-B3FBCE328F15}.Debug|Any CPU.ActiveCfg = Debug|Any CPU
		{977C0A17-D112-4B3C-875F-B3FBCE328F15}.Debug|Any CPU.Build.0 = Debug|Any CPU
		{977C0A17-D112-4B3C-875F-B3FBCE328F15}.Release|Any CPU.ActiveCfg = Release|Any CPU
		{977C0A17-D112-4B3C-875F-B3FBCE328F15}.Release|Any CPU.Build.0 = Release|Any CPU
		{1018500D-F852-43B1-BB3C-692EB9B5F9E1}.Debug|Any CPU.ActiveCfg = Debug|Any CPU
		{1018500D-F852-43B1-BB3C-692EB9B5F9E1}.Debug|Any CPU.Build.0 = Debug|Any CPU
		{1018500D-F852-43B1-BB3C-692EB9B5F9E1}.Release|Any CPU.ActiveCfg = Release|Any CPU
		{1018500D-F852-43B1-BB3C-692EB9B5F9E1}.Release|Any CPU.Build.0 = Release|Any CPU
		{2D5A0A5C-A959-4FD1-8280-3C82CB16EB90}.Debug|Any CPU.ActiveCfg = Debug|Any CPU
		{2D5A0A5C-A959-4FD1-8280-3C82CB16EB90}.Debug|Any CPU.Build.0 = Debug|Any CPU
		{2D5A0A5C-A959-4FD1-8280-3C82CB16EB90}.Release|Any CPU.ActiveCfg = Release|Any CPU
		{2D5A0A5C-A959-4FD1-8280-3C82CB16EB90}.Release|Any CPU.Build.0 = Release|Any CPU
		{C9D9C138-9D6D-4009-8AB2-ABB79CCCFC3D}.Debug|Any CPU.ActiveCfg = Debug|Any CPU
		{C9D9C138-9D6D-4009-8AB2-ABB79CCCFC3D}.Debug|Any CPU.Build.0 = Debug|Any CPU
		{C9D9C138-9D6D-4009-8AB2-ABB79CCCFC3D}.Release|Any CPU.ActiveCfg = Release|Any CPU
		{C9D9C138-9D6D-4009-8AB2-ABB79CCCFC3D}.Release|Any CPU.Build.0 = Release|Any CPU
	EndGlobalSection
	GlobalSection(SolutionProperties) = preSolution
		HideSolutionNode = FALSE
	EndGlobalSection
	GlobalSection(ExtensibilityGlobals) = postSolution
		SolutionGuid = {22ACF2E8-2DC7-4EE0-A8A1-ABE76BE508ED}
	EndGlobalSection
EndGlobal
