
Microsoft Visual Studio Solution File, Format Version 12.00
# Visual Studio Version 17
VisualStudioVersion = 17.0.32112.339
MinimumVisualStudioVersion = 10.0.40219.1
Project("{9A19103F-16F7-4668-BE54-9A1E7A4F7556}") = "ChatGlobal", "ChatGlobal\ChatGlobal.csproj", "{FF304B6F-E039-42C4-BB73-3D00476AC458}"
EndProject
Project("{9A19103F-16F7-4668-BE54-9A1E7A4F7556}") = "DGSocketAssist3_Client", "DGSocketAssist3_Client\DGSocketAssist3_Client.csproj", "{D4EA8C67-A39C-4588-B27A-0914A32265E7}"
EndProject
Project("{9A19103F-16F7-4668-BE54-9A1E7A4F7556}") = "DGSocketAssist3_Global", "DGSocketAssist3_Global\DGSocketAssist3_Global.csproj", "{11A40B72-1EEB-4601-8D4F-281003645D45}"
EndProject
Project("{9A19103F-16F7-4668-BE54-9A1E7A4F7556}") = "DGSocketAssist3_Server", "DGSocketAssist3_Server\DGSocketAssist3_Server.csproj", "{AD8F696F-E6C0-4BBE-9A84-A2B12CCF5270}"
EndProject
Project("{FAE04EC0-301F-11D3-BF4B-00C04F79EFBC}") = "SocketClientTest", "SocketClientTest\SocketClientTest.csproj", "{B619DC2E-EE49-463C-96CC-C3174CFD421C}"
EndProject
Project("{FAE04EC0-301F-11D3-BF4B-00C04F79EFBC}") = "SocketServerTest", "SocketServerTest\SocketServerTest.csproj", "{D333DD90-4EF1-4A5B-9524-0E47DDF69CE9}"
EndProject
Global
	GlobalSection(SolutionConfigurationPlatforms) = preSolution
		Debug|Any CPU = Debug|Any CPU
		Release|Any CPU = Release|Any CPU
	EndGlobalSection
	GlobalSection(ProjectConfigurationPlatforms) = postSolution
		{FF304B6F-E039-42C4-BB73-3D00476AC458}.Debug|Any CPU.ActiveCfg = Debug|Any CPU
		{FF304B6F-E039-42C4-BB73-3D00476AC458}.Debug|Any CPU.Build.0 = Debug|Any CPU
		{FF304B6F-E039-42C4-BB73-3D00476AC458}.Release|Any CPU.ActiveCfg = Release|Any CPU
		{FF304B6F-E039-42C4-BB73-3D00476AC458}.Release|Any CPU.Build.0 = Release|Any CPU
		{D4EA8C67-A39C-4588-B27A-0914A32265E7}.Debug|Any CPU.ActiveCfg = Debug|Any CPU
		{D4EA8C67-A39C-4588-B27A-0914A32265E7}.Debug|Any CPU.Build.0 = Debug|Any CPU
		{D4EA8C67-A39C-4588-B27A-0914A32265E7}.Release|Any CPU.ActiveCfg = Release|Any CPU
		{D4EA8C67-A39C-4588-B27A-0914A32265E7}.Release|Any CPU.Build.0 = Release|Any CPU
		{11A40B72-1EEB-4601-8D4F-281003645D45}.Debug|Any CPU.ActiveCfg = Debug|Any CPU
		{11A40B72-1EEB-4601-8D4F-281003645D45}.Debug|Any CPU.Build.0 = Debug|Any CPU
		{11A40B72-1EEB-4601-8D4F-281003645D45}.Release|Any CPU.ActiveCfg = Release|Any CPU
		{11A40B72-1EEB-4601-8D4F-281003645D45}.Release|Any CPU.Build.0 = Release|Any CPU
		{AD8F696F-E6C0-4BBE-9A84-A2B12CCF5270}.Debug|Any CPU.ActiveCfg = Debug|Any CPU
		{AD8F696F-E6C0-4BBE-9A84-A2B12CCF5270}.Debug|Any CPU.Build.0 = Debug|Any CPU
		{AD8F696F-E6C0-4BBE-9A84-A2B12CCF5270}.Release|Any CPU.ActiveCfg = Release|Any CPU
		{AD8F696F-E6C0-4BBE-9A84-A2B12CCF5270}.Release|Any CPU.Build.0 = Release|Any CPU
		{B619DC2E-EE49-463C-96CC-C3174CFD421C}.Debug|Any CPU.ActiveCfg = Debug|Any CPU
		{B619DC2E-EE49-463C-96CC-C3174CFD421C}.Debug|Any CPU.Build.0 = Debug|Any CPU
		{B619DC2E-EE49-463C-96CC-C3174CFD421C}.Release|Any CPU.ActiveCfg = Release|Any CPU
		{B619DC2E-EE49-463C-96CC-C3174CFD421C}.Release|Any CPU.Build.0 = Release|Any CPU
		{D333DD90-4EF1-4A5B-9524-0E47DDF69CE9}.Debug|Any CPU.ActiveCfg = Debug|Any CPU
		{D333DD90-4EF1-4A5B-9524-0E47DDF69CE9}.Debug|Any CPU.Build.0 = Debug|Any CPU
		{D333DD90-4EF1-4A5B-9524-0E47DDF69CE9}.Release|Any CPU.ActiveCfg = Release|Any CPU
		{D333DD90-4EF1-4A5B-9524-0E47DDF69CE9}.Release|Any CPU.Build.0 = Release|Any CPU
	EndGlobalSection
	GlobalSection(SolutionProperties) = preSolution
		HideSolutionNode = FALSE
	EndGlobalSection
	GlobalSection(ExtensibilityGlobals) = postSolution
		SolutionGuid = {271AB1E3-6154-48F4-B4E0-8CF580764136}
	EndGlobalSection
EndGlobal
