
Microsoft Visual Studio Solution File, Format Version 12.00
# Visual Studio Version 17
VisualStudioVersion = 17.0.32112.339
MinimumVisualStudioVersion = 10.0.40219.1
Project("{9A19103F-16F7-4668-BE54-9A1E7A4F7556}") = "ChatGlobal", "ChatGlobal\ChatGlobal.csproj", "{00D9C8E9-CFC8-41E2-95C5-1EE8B8DBE592}"
EndProject
Project("{9A19103F-16F7-4668-BE54-9A1E7A4F7556}") = "ClientTestConsole", "ClientTestConsole\ClientTestConsole.csproj", "{9A493311-D760-41E0-BBEA-962CE97670ED}"
EndProject
Project("{9A19103F-16F7-4668-BE54-9A1E7A4F7556}") = "ServerTestConsole", "ServerTestConsole\ServerTestConsole.csproj", "{46FEAB47-48BF-428C-B193-47A0724C74F3}"
EndProject
Project("{9A19103F-16F7-4668-BE54-9A1E7A4F7556}") = "DGSocketAssist4_Global", "DGSocketAssist4_Global\DGSocketAssist4_Global.csproj", "{FE37A254-D8B5-4B98-BA95-36F98D5DD34E}"
EndProject
Project("{9A19103F-16F7-4668-BE54-9A1E7A4F7556}") = "DGSocketAssist4_Server", "DGSocketAssist4_Server\DGSocketAssist4_Server.csproj", "{9FAC8036-FE61-49AF-BBDF-D2A91F0EDFCA}"
EndProject
Project("{9A19103F-16F7-4668-BE54-9A1E7A4F7556}") = "DGSocketAssist4_Client", "DGSocketAssist4_Client\DGSocketAssist4_Client.csproj", "{8F46DABC-1372-4605-B460-885A02803107}"
EndProject
Project("{2150E333-8FDC-42A3-9474-1A3956D46DE8}") = "Chat Sample", "Chat Sample", "{6C36D49F-7F54-4BCB-B97C-C0DD3EFA745C}"
EndProject
Global
	GlobalSection(SolutionConfigurationPlatforms) = preSolution
		Debug|Any CPU = Debug|Any CPU
		Release|Any CPU = Release|Any CPU
	EndGlobalSection
	GlobalSection(ProjectConfigurationPlatforms) = postSolution
		{00D9C8E9-CFC8-41E2-95C5-1EE8B8DBE592}.Debug|Any CPU.ActiveCfg = Debug|Any CPU
		{00D9C8E9-CFC8-41E2-95C5-1EE8B8DBE592}.Debug|Any CPU.Build.0 = Debug|Any CPU
		{00D9C8E9-CFC8-41E2-95C5-1EE8B8DBE592}.Release|Any CPU.ActiveCfg = Release|Any CPU
		{00D9C8E9-CFC8-41E2-95C5-1EE8B8DBE592}.Release|Any CPU.Build.0 = Release|Any CPU
		{9A493311-D760-41E0-BBEA-962CE97670ED}.Debug|Any CPU.ActiveCfg = Debug|Any CPU
		{9A493311-D760-41E0-BBEA-962CE97670ED}.Debug|Any CPU.Build.0 = Debug|Any CPU
		{9A493311-D760-41E0-BBEA-962CE97670ED}.Release|Any CPU.ActiveCfg = Release|Any CPU
		{9A493311-D760-41E0-BBEA-962CE97670ED}.Release|Any CPU.Build.0 = Release|Any CPU
		{46FEAB47-48BF-428C-B193-47A0724C74F3}.Debug|Any CPU.ActiveCfg = Debug|Any CPU
		{46FEAB47-48BF-428C-B193-47A0724C74F3}.Debug|Any CPU.Build.0 = Debug|Any CPU
		{46FEAB47-48BF-428C-B193-47A0724C74F3}.Release|Any CPU.ActiveCfg = Release|Any CPU
		{46FEAB47-48BF-428C-B193-47A0724C74F3}.Release|Any CPU.Build.0 = Release|Any CPU
		{FE37A254-D8B5-4B98-BA95-36F98D5DD34E}.Debug|Any CPU.ActiveCfg = Debug|Any CPU
		{FE37A254-D8B5-4B98-BA95-36F98D5DD34E}.Debug|Any CPU.Build.0 = Debug|Any CPU
		{FE37A254-D8B5-4B98-BA95-36F98D5DD34E}.Release|Any CPU.ActiveCfg = Release|Any CPU
		{FE37A254-D8B5-4B98-BA95-36F98D5DD34E}.Release|Any CPU.Build.0 = Release|Any CPU
		{9FAC8036-FE61-49AF-BBDF-D2A91F0EDFCA}.Debug|Any CPU.ActiveCfg = Debug|Any CPU
		{9FAC8036-FE61-49AF-BBDF-D2A91F0EDFCA}.Debug|Any CPU.Build.0 = Debug|Any CPU
		{9FAC8036-FE61-49AF-BBDF-D2A91F0EDFCA}.Release|Any CPU.ActiveCfg = Release|Any CPU
		{9FAC8036-FE61-49AF-BBDF-D2A91F0EDFCA}.Release|Any CPU.Build.0 = Release|Any CPU
		{8F46DABC-1372-4605-B460-885A02803107}.Debug|Any CPU.ActiveCfg = Debug|Any CPU
		{8F46DABC-1372-4605-B460-885A02803107}.Debug|Any CPU.Build.0 = Debug|Any CPU
		{8F46DABC-1372-4605-B460-885A02803107}.Release|Any CPU.ActiveCfg = Release|Any CPU
		{8F46DABC-1372-4605-B460-885A02803107}.Release|Any CPU.Build.0 = Release|Any CPU
	EndGlobalSection
	GlobalSection(SolutionProperties) = preSolution
		HideSolutionNode = FALSE
	EndGlobalSection
	GlobalSection(NestedProjects) = preSolution
		{00D9C8E9-CFC8-41E2-95C5-1EE8B8DBE592} = {6C36D49F-7F54-4BCB-B97C-C0DD3EFA745C}
		{9A493311-D760-41E0-BBEA-962CE97670ED} = {6C36D49F-7F54-4BCB-B97C-C0DD3EFA745C}
		{46FEAB47-48BF-428C-B193-47A0724C74F3} = {6C36D49F-7F54-4BCB-B97C-C0DD3EFA745C}
	EndGlobalSection
	GlobalSection(ExtensibilityGlobals) = postSolution
		SolutionGuid = {48AEB5F2-CF69-4949-A352-348B2C64CE93}
	EndGlobalSection
EndGlobal
